
Microsoft Visual Studio Solution File, Format Version 12.00
Project("{FAE04EC0-301F-11D3-BF4B-00C04F79EFBC}") = "Kawazu-Cli", "Kawazu-Cli\Kawazu-Cli.csproj", "{714BF09B-B175-47BB-B192-6B7B22795420}"
EndProject
Project("{FAE04EC0-301F-11D3-BF4B-00C04F79EFBC}") = "Kawazu", "Kawazu\Kawazu.csproj", "{A7874B1D-253F-42BD-B3BE-C4F4A9ADA923}"
EndProject
Global
	GlobalSection(SolutionConfigurationPlatforms) = preSolution
		Debug|Any CPU = Debug|Any CPU
		Release|Any CPU = Release|Any CPU
	EndGlobalSection
	GlobalSection(ProjectConfigurationPlatforms) = postSolution
		{714BF09B-B175-47BB-B192-6B7B22795420}.Debug|Any CPU.ActiveCfg = Debug|Any CPU
		{714BF09B-B175-47BB-B192-6B7B22795420}.Debug|Any CPU.Build.0 = Debug|Any CPU
		{714BF09B-B175-47BB-B192-6B7B22795420}.Release|Any CPU.ActiveCfg = Release|Any CPU
		{714BF09B-B175-47BB-B192-6B7B22795420}.Release|Any CPU.Build.0 = Release|Any CPU
		{A7874B1D-253F-42BD-B3BE-C4F4A9ADA923}.Debug|Any CPU.ActiveCfg = Debug|Any CPU
		{A7874B1D-253F-42BD-B3BE-C4F4A9ADA923}.Debug|Any CPU.Build.0 = Debug|Any CPU
		{A7874B1D-253F-42BD-B3BE-C4F4A9ADA923}.Release|Any CPU.ActiveCfg = Release|Any CPU
		{A7874B1D-253F-42BD-B3BE-C4F4A9ADA923}.Release|Any CPU.Build.0 = Release|Any CPU
	EndGlobalSection
EndGlobal
